{
  "requires": true,
  "lockfileVersion": 1,
  "dependencies": {
    "bindings": {
      "version": "1.5.0",
      "resolved": "https://registry.npmjs.org/bindings/-/bindings-1.5.0.tgz",
      "integrity": "sha512-p2q/t/mhvuOj/UeLlV6566GD/guowlr0hHxClI0W9m7MWYkL1F0hLo+0Aexs9HSPCtR1SXQ0TD3MMKrXZajbiQ==",
      "optional": true,
      "requires": {
        "file-uri-to-path": "1.0.0"
      }
    },
    "discord-rpc": {
      "version": "4.0.1",
      "resolved": "https://registry.npmjs.org/discord-rpc/-/discord-rpc-4.0.1.tgz",
      "integrity": "sha512-HOvHpbq5STRZJjQIBzwoKnQ0jHplbEWFWlPDwXXKm/bILh4nzjcg7mNqll0UY7RsjFoaXA7e/oYb/4lvpda2zA==",
      "requires": {
        "node-fetch": "^2.6.1",
        "register-scheme": "github:devsnek/node-register-scheme",
        "ws": "^7.3.1"
      }
    },
    "file-uri-to-path": {
      "version": "1.0.0",
      "resolved": "https://registry.npmjs.org/file-uri-to-path/-/file-uri-to-path-1.0.0.tgz",
      "integrity": "sha512-0Zt+s3L7Vf1biwWZ29aARiVYLx7iMGnEUl9x33fbB/j3jR81u/O2LbqK+Bm1CDSNDKVtJ/YjwY7TUd5SkeLQLw==",
      "optional": true
    },
    "node-addon-api": {
      "version": "1.7.2",
      "resolved": "https://registry.npmjs.org/node-addon-api/-/node-addon-api-1.7.2.tgz",
      "integrity": "sha512-ibPK3iA+vaY1eEjESkQkM0BbCqFOaZMiXRTtdB0u7b4djtY6JnsjvPdUHVMg6xQt3B8fpTTWHI9A+ADjM9frzg==",
      "optional": true
    },
    "node-fetch": {
      "version": "2.6.1",
      "resolved": "https://registry.npmjs.org/node-fetch/-/node-fetch-2.6.1.tgz",
      "integrity": "sha512-V4aYg89jEoVRxRb2fJdAg8FHvI7cEyYdVAh94HH0UIK8oJxUfkjlDQN9RbMx+bEjP7+ggMiFRprSti032Oipxw=="
    },
    "node-process-windows": {
      "version": "0.0.2",
      "resolved": "https://registry.npmjs.org/node-process-windows/-/node-process-windows-0.0.2.tgz",
      "integrity": "sha1-3lFS057KmDl5yzw5Zvz/ZW8ma8Y="
    },
    "register-scheme": {
      "version": "github:devsnek/node-register-scheme#e7cc9a63a1f512565da44cb57316d9fb10750e17",
      "from": "github:devsnek/node-register-scheme",
      "optional": true,
      "requires": {
        "bindings": "^1.3.0",
        "node-addon-api": "^1.3.0"
      }
    },
    "self-reload-json": {
      "version": "0.4.0",
      "resolved": "https://registry.npmjs.org/self-reload-json/-/self-reload-json-0.4.0.tgz",
      "integrity": "sha1-si+2fEHeissiYehE1y/1h2n56vo="
    },
    "ws": {
      "version": "7.5.1",
      "resolved": "https://registry.npmjs.org/ws/-/ws-7.5.1.tgz",
      "integrity": "sha512-2c6faOUH/nhoQN6abwMloF7Iyl0ZS2E9HGtsiLrWn0zOOMWlhtDmdf/uihDt6jnuCxgtwGBNy6Onsoy2s2O2Ow=="
    }
  }
}
